// !$*UTF8*$!
{
	archiveVersion = 1;
	classes = {
	};
	objectVersion = 46;
	objects = {

/* Begin PBXBuildFile section */
		8E24CC991EA13CA00081676E /* MenuViewController.swift in Sources */ = {isa = PBXBuildFile; fileRef = 8E24CC981EA13CA00081676E /* MenuViewController.swift */; };
		8E3123E51EA55B9600B300B6 /* CustomTableViewCell.swift in Sources */ = {isa = PBXBuildFile; fileRef = 8E3123E41EA55B9600B300B6 /* CustomTableViewCell.swift */; };
		8E50F75E1E9E38E3000DC803 /* GoogleService-Info.plist in Resources */ = {isa = PBXBuildFile; fileRef = 8E50F75D1E9E38E3000DC803 /* GoogleService-Info.plist */; };
		8E5C875B1EA92C3A0062B58F /* Assets.xcassets in Resources */ = {isa = PBXBuildFile; fileRef = 8E5C875A1EA92C3A0062B58F /* Assets.xcassets */; };
		8E5C875D1EA92DAD0062B58F /* VisitStudentController.swift in Sources */ = {isa = PBXBuildFile; fileRef = 8E5C875C1EA92DAD0062B58F /* VisitStudentController.swift */; };
		8E5C875F1EA92DFF0062B58F /* CustomStudentCell.swift in Sources */ = {isa = PBXBuildFile; fileRef = 8E5C875E1EA92DFF0062B58F /* CustomStudentCell.swift */; };
		8E5C87611EA930CA0062B58F /* GroupTableViewCell.swift in Sources */ = {isa = PBXBuildFile; fileRef = 8E5C87601EA930CA0062B58F /* GroupTableViewCell.swift */; };
		8E5C87631EA930E50062B58F /* GroupTableViewController.swift in Sources */ = {isa = PBXBuildFile; fileRef = 8E5C87621EA930E50062B58F /* GroupTableViewController.swift */; };
		8E6354881EA11D27008A30F7 /* ScheduleController.swift in Sources */ = {isa = PBXBuildFile; fileRef = 8E6354871EA11D27008A30F7 /* ScheduleController.swift */; };
		8E63548D1EA12248008A30F7 /* SWRevealViewController.m in Sources */ = {isa = PBXBuildFile; fileRef = 8E63548C1EA12248008A30F7 /* SWRevealViewController.m */; };
		8E651EDF1E94ED01000A4440 /* AppDelegate.swift in Sources */ = {isa = PBXBuildFile; fileRef = 8E651EDE1E94ED01000A4440 /* AppDelegate.swift */; };
		8E651EE41E94ED01000A4440 /* Main.storyboard in Resources */ = {isa = PBXBuildFile; fileRef = 8E651EE21E94ED01000A4440 /* Main.storyboard */; };
		8E651EE91E94ED01000A4440 /* LaunchScreen.storyboard in Resources */ = {isa = PBXBuildFile; fileRef = 8E651EE71E94ED01000A4440 /* LaunchScreen.storyboard */; };
		8E651EFA1E95001F000A4440 /* SwiftVKDelegate.swift in Sources */ = {isa = PBXBuildFile; fileRef = 8E651EF91E95001F000A4440 /* SwiftVKDelegate.swift */; };
		8E651EFE1E952329000A4440 /* AuthenticationViewController.swift in Sources */ = {isa = PBXBuildFile; fileRef = 8E651EFD1E952329000A4440 /* AuthenticationViewController.swift */; };
		8E651F001E9529CF000A4440 /* Animation.swift in Sources */ = {isa = PBXBuildFile; fileRef = 8E651EFF1E9529CF000A4440 /* Animation.swift */; };
		8EE5F4501EA612BC00A9E232 /* AddScheduleController.swift in Sources */ = {isa = PBXBuildFile; fileRef = 8EE5F44F1EA612BC00A9E232 /* AddScheduleController.swift */; };
		E866F389C2150D0FCB111352 /* Pods_Schedule.framework in Frameworks */ = {isa = PBXBuildFile; fileRef = 065D2CA47FF80803B9D6C55E /* Pods_Schedule.framework */; };
/* End PBXBuildFile section */

/* Begin PBXFileReference section */
		065D2CA47FF80803B9D6C55E /* Pods_Schedule.framework */ = {isa = PBXFileReference; explicitFileType = wrapper.framework; includeInIndex = 0; path = Pods_Schedule.framework; sourceTree = BUILT_PRODUCTS_DIR; };
		72CEFB3FD80D81F7AFF2F3D1 /* Pods-Schedule.release.xcconfig */ = {isa = PBXFileReference; includeInIndex = 1; lastKnownFileType = text.xcconfig; name = "Pods-Schedule.release.xcconfig"; path = "Pods/Target Support Files/Pods-Schedule/Pods-Schedule.release.xcconfig"; sourceTree = "<group>"; };
		8E24CC981EA13CA00081676E /* MenuViewController.swift */ = {isa = PBXFileReference; fileEncoding = 4; lastKnownFileType = sourcecode.swift; path = MenuViewController.swift; sourceTree = "<group>"; };
		8E3123E41EA55B9600B300B6 /* CustomTableViewCell.swift */ = {isa = PBXFileReference; fileEncoding = 4; lastKnownFileType = sourcecode.swift; path = CustomTableViewCell.swift; sourceTree = "<group>"; };
		8E50F75A1E9E2CF5000DC803 /* Schedule-Bridging-Header.h */ = {isa = PBXFileReference; lastKnownFileType = sourcecode.c.h; path = "Schedule-Bridging-Header.h"; sourceTree = SOURCE_ROOT; };
		8E50F75D1E9E38E3000DC803 /* GoogleService-Info.plist */ = {isa = PBXFileReference; fileEncoding = 4; lastKnownFileType = text.plist.xml; name = "GoogleService-Info.plist"; path = "../GoogleService-Info.plist"; sourceTree = "<group>"; };
		8E5C875A1EA92C3A0062B58F /* Assets.xcassets */ = {isa = PBXFileReference; lastKnownFileType = folder.assetcatalog; path = Assets.xcassets; sourceTree = "<group>"; };
		8E5C875C1EA92DAD0062B58F /* VisitStudentController.swift */ = {isa = PBXFileReference; fileEncoding = 4; lastKnownFileType = sourcecode.swift; path = VisitStudentController.swift; sourceTree = "<group>"; };
		8E5C875E1EA92DFF0062B58F /* CustomStudentCell.swift */ = {isa = PBXFileReference; fileEncoding = 4; lastKnownFileType = sourcecode.swift; path = CustomStudentCell.swift; sourceTree = "<group>"; };
		8E5C87601EA930CA0062B58F /* GroupTableViewCell.swift */ = {isa = PBXFileReference; fileEncoding = 4; lastKnownFileType = sourcecode.swift; path = GroupTableViewCell.swift; sourceTree = "<group>"; };
		8E5C87621EA930E50062B58F /* GroupTableViewController.swift */ = {isa = PBXFileReference; fileEncoding = 4; lastKnownFileType = sourcecode.swift; path = GroupTableViewController.swift; sourceTree = "<group>"; };
		8E6354871EA11D27008A30F7 /* ScheduleController.swift */ = {isa = PBXFileReference; fileEncoding = 4; lastKnownFileType = sourcecode.swift; path = ScheduleController.swift; sourceTree = "<group>"; };
		8E63548C1EA12248008A30F7 /* SWRevealViewController.m */ = {isa = PBXFileReference; fileEncoding = 4; lastKnownFileType = sourcecode.c.objc; path = SWRevealViewController.m; sourceTree = "<group>"; };
		8E63548E1EA12254008A30F7 /* SWRevealViewController.h */ = {isa = PBXFileReference; lastKnownFileType = sourcecode.c.h; path = SWRevealViewController.h; sourceTree = "<group>"; };
		8E651EDB1E94ED01000A4440 /* Schedule.app */ = {isa = PBXFileReference; explicitFileType = wrapper.application; includeInIndex = 0; path = Schedule.app; sourceTree = BUILT_PRODUCTS_DIR; };
		8E651EDE1E94ED01000A4440 /* AppDelegate.swift */ = {isa = PBXFileReference; lastKnownFileType = sourcecode.swift; path = AppDelegate.swift; sourceTree = "<group>"; };
		8E651EE31E94ED01000A4440 /* Base */ = {isa = PBXFileReference; lastKnownFileType = file.storyboard; name = Base; path = Base.lproj/Main.storyboard; sourceTree = "<group>"; };
		8E651EE81E94ED01000A4440 /* Base */ = {isa = PBXFileReference; lastKnownFileType = file.storyboard; name = Base; path = Base.lproj/LaunchScreen.storyboard; sourceTree = "<group>"; };
		8E651EEA1E94ED01000A4440 /* Info.plist */ = {isa = PBXFileReference; lastKnownFileType = text.plist.xml; path = Info.plist; sourceTree = "<group>"; };
		8E651EF91E95001F000A4440 /* SwiftVKDelegate.swift */ = {isa = PBXFileReference; fileEncoding = 4; lastKnownFileType = sourcecode.swift; path = SwiftVKDelegate.swift; sourceTree = "<group>"; };
		8E651EFD1E952329000A4440 /* AuthenticationViewController.swift */ = {isa = PBXFileReference; fileEncoding = 4; lastKnownFileType = sourcecode.swift; path = AuthenticationViewController.swift; sourceTree = "<group>"; };
		8E651EFF1E9529CF000A4440 /* Animation.swift */ = {isa = PBXFileReference; fileEncoding = 4; lastKnownFileType = sourcecode.swift; path = Animation.swift; sourceTree = "<group>"; };
		8E66114C0AB22C69F095E085 /* Pods-Schedule.debug.xcconfig */ = {isa = PBXFileReference; includeInIndex = 1; lastKnownFileType = text.xcconfig; name = "Pods-Schedule.debug.xcconfig"; path = "Pods/Target Support Files/Pods-Schedule/Pods-Schedule.debug.xcconfig"; sourceTree = "<group>"; };
		8EE5F44F1EA612BC00A9E232 /* AddScheduleController.swift */ = {isa = PBXFileReference; fileEncoding = 4; lastKnownFileType = sourcecode.swift; path = AddScheduleController.swift; sourceTree = "<group>"; };
/* End PBXFileReference section */

/* Begin PBXFrameworksBuildPhase section */
		8E651ED81E94ED01000A4440 /* Frameworks */ = {
			isa = PBXFrameworksBuildPhase;
			buildActionMask = 2147483647;
			files = (
				E866F389C2150D0FCB111352 /* Pods_Schedule.framework in Frameworks */,
			);
			runOnlyForDeploymentPostprocessing = 0;
		};
/* End PBXFrameworksBuildPhase section */

/* Begin PBXGroup section */
		1138AF6E967C80493F660862 /* Pods */ = {
			isa = PBXGroup;
			children = (
				8E66114C0AB22C69F095E085 /* Pods-Schedule.debug.xcconfig */,
				72CEFB3FD80D81F7AFF2F3D1 /* Pods-Schedule.release.xcconfig */,
			);
			name = Pods;
			sourceTree = "<group>";
		};
		8E63548B1EA12231008A30F7 /* SWRevealViewController */ = {
			isa = PBXGroup;
			children = (
				8E50F75A1E9E2CF5000DC803 /* Schedule-Bridging-Header.h */,
				8E63548E1EA12254008A30F7 /* SWRevealViewController.h */,
				8E63548C1EA12248008A30F7 /* SWRevealViewController.m */,
			);
			name = SWRevealViewController;
			sourceTree = "<group>";
		};
		8E651ED21E94ED01000A4440 = {
			isa = PBXGroup;
			children = (
				8E651EDD1E94ED01000A4440 /* Schedule */,
				8E651EDC1E94ED01000A4440 /* Products */,
				1138AF6E967C80493F660862 /* Pods */,
				ED4ADBF43A0618719B54EA4A /* Frameworks */,
			);
			sourceTree = "<group>";
		};
		8E651EDC1E94ED01000A4440 /* Products */ = {
			isa = PBXGroup;
			children = (
				8E651EDB1E94ED01000A4440 /* Schedule.app */,
			);
			name = Products;
			sourceTree = "<group>";
		};
		8E651EDD1E94ED01000A4440 /* Schedule */ = {
			isa = PBXGroup;
			children = (
				8E63548B1EA12231008A30F7 /* SWRevealViewController */,
				8E651EFF1E9529CF000A4440 /* Animation.swift */,
				8E651EF91E95001F000A4440 /* SwiftVKDelegate.swift */,
				8E651EF21E94EF66000A4440 /* Controller */,
				8E651EF11E94EF5F000A4440 /* View */,
				8E651EF01E94EF42000A4440 /* Model */,
				8E651EDE1E94ED01000A4440 /* AppDelegate.swift */,
				8E50F75D1E9E38E3000DC803 /* GoogleService-Info.plist */,
				8E651EEA1E94ED01000A4440 /* Info.plist */,
			);
			path = Schedule;
			sourceTree = "<group>";
		};
		8E651EF01E94EF42000A4440 /* Model */ = {
			isa = PBXGroup;
			children = (
			);
			name = Model;
			sourceTree = "<group>";
		};
		8E651EF11E94EF5F000A4440 /* View */ = {
			isa = PBXGroup;
			children = (
				8E651EE21E94ED01000A4440 /* Main.storyboard */,
				8E651EE71E94ED01000A4440 /* LaunchScreen.storyboard */,
				8E5C875A1EA92C3A0062B58F /* Assets.xcassets */,
			);
			name = View;
			sourceTree = "<group>";
		};
		8E651EF21E94EF66000A4440 /* Controller */ = {
			isa = PBXGroup;
			children = (
				8E24CC981EA13CA00081676E /* MenuViewController.swift */,
				8E651EFD1E952329000A4440 /* AuthenticationViewController.swift */,
				8E3123E41EA55B9600B300B6 /* CustomTableViewCell.swift */,
				8EE5F44F1EA612BC00A9E232 /* AddScheduleController.swift */,
				8E6354871EA11D27008A30F7 /* ScheduleController.swift */,
				8E5C875C1EA92DAD0062B58F /* VisitStudentController.swift */,
				8E5C875E1EA92DFF0062B58F /* CustomStudentCell.swift */,
				8E5C87601EA930CA0062B58F /* GroupTableViewCell.swift */,
				8E5C87621EA930E50062B58F /* GroupTableViewController.swift */,
			);
			name = Controller;
			sourceTree = "<group>";
		};
		ED4ADBF43A0618719B54EA4A /* Frameworks */ = {
			isa = PBXGroup;
			children = (
				065D2CA47FF80803B9D6C55E /* Pods_Schedule.framework */,
			);
			name = Frameworks;
			sourceTree = "<group>";
		};
/* End PBXGroup section */

/* Begin PBXNativeTarget section */
		8E651EDA1E94ED01000A4440 /* Schedule */ = {
			isa = PBXNativeTarget;
			buildConfigurationList = 8E651EED1E94ED01000A4440 /* Build configuration list for PBXNativeTarget "Schedule" */;
			buildPhases = (
				A0673CE43D1F000AD9C5C538 /* [CP] Check Pods Manifest.lock */,
				8E651ED71E94ED01000A4440 /* Sources */,
				8E651ED81E94ED01000A4440 /* Frameworks */,
				8E651ED91E94ED01000A4440 /* Resources */,
				55065098F10F631404697577 /* [CP] Embed Pods Frameworks */,
				2B27D5A3990B6E92097CA0DF /* [CP] Copy Pods Resources */,
			);
			buildRules = (
			);
			dependencies = (
			);
			name = Schedule;
			productName = Schedule;
			productReference = 8E651EDB1E94ED01000A4440 /* Schedule.app */;
			productType = "com.apple.product-type.application";
		};
/* End PBXNativeTarget section */

/* Begin PBXProject section */
		8E651ED31E94ED01000A4440 /* Project object */ = {
			isa = PBXProject;
			attributes = {
				LastSwiftUpdateCheck = 0830;
				LastUpgradeCheck = 0830;
				ORGANIZATIONNAME = "Влад Бирюков";
				TargetAttributes = {
					8E651EDA1E94ED01000A4440 = {
						CreatedOnToolsVersion = 8.3;
						DevelopmentTeam = 3XCF2GH957;
						LastSwiftMigration = 0830;
						ProvisioningStyle = Automatic;
					};
				};
			};
			buildConfigurationList = 8E651ED61E94ED01000A4440 /* Build configuration list for PBXProject "Schedule" */;
			compatibilityVersion = "Xcode 3.2";
			developmentRegion = English;
			hasScannedForEncodings = 0;
			knownRegions = (
				en,
				Base,
			);
			mainGroup = 8E651ED21E94ED01000A4440;
			productRefGroup = 8E651EDC1E94ED01000A4440 /* Products */;
			projectDirPath = "";
			projectRoot = "";
			targets = (
				8E651EDA1E94ED01000A4440 /* Schedule */,
			);
		};
/* End PBXProject section */

/* Begin PBXResourcesBuildPhase section */
		8E651ED91E94ED01000A4440 /* Resources */ = {
			isa = PBXResourcesBuildPhase;
			buildActionMask = 2147483647;
			files = (
				8E651EE91E94ED01000A4440 /* LaunchScreen.storyboard in Resources */,
				8E50F75E1E9E38E3000DC803 /* GoogleService-Info.plist in Resources */,
				8E5C875B1EA92C3A0062B58F /* Assets.xcassets in Resources */,
				8E651EE41E94ED01000A4440 /* Main.storyboard in Resources */,
			);
			runOnlyForDeploymentPostprocessing = 0;
		};
/* End PBXResourcesBuildPhase section */

/* Begin PBXShellScriptBuildPhase section */
		2B27D5A3990B6E92097CA0DF /* [CP] Copy Pods Resources */ = {
			isa = PBXShellScriptBuildPhase;
			buildActionMask = 2147483647;
			files = (
			);
			inputPaths = (
			);
			name = "[CP] Copy Pods Resources";
			outputPaths = (
			);
			runOnlyForDeploymentPostprocessing = 0;
			shellPath = /bin/sh;
			shellScript = "\"${SRCROOT}/Pods/Target Support Files/Pods-Schedule/Pods-Schedule-resources.sh\"\n";
			showEnvVarsInLog = 0;
		};
		55065098F10F631404697577 /* [CP] Embed Pods Frameworks */ = {
			isa = PBXShellScriptBuildPhase;
			buildActionMask = 2147483647;
			files = (
			);
			inputPaths = (
			);
			name = "[CP] Embed Pods Frameworks";
			outputPaths = (
			);
			runOnlyForDeploymentPostprocessing = 0;
			shellPath = /bin/sh;
			shellScript = "\"${SRCROOT}/Pods/Target Support Files/Pods-Schedule/Pods-Schedule-frameworks.sh\"\n";
			showEnvVarsInLog = 0;
		};
		A0673CE43D1F000AD9C5C538 /* [CP] Check Pods Manifest.lock */ = {
			isa = PBXShellScriptBuildPhase;
			buildActionMask = 2147483647;
			files = (
			);
			inputPaths = (
			);
			name = "[CP] Check Pods Manifest.lock";
			outputPaths = (
			);
			runOnlyForDeploymentPostprocessing = 0;
			shellPath = /bin/sh;
			shellScript = "diff \"${PODS_ROOT}/../Podfile.lock\" \"${PODS_ROOT}/Manifest.lock\" > /dev/null\nif [ $? != 0 ] ; then\n    # print error to STDERR\n    echo \"error: The sandbox is not in sync with the Podfile.lock. Run 'pod install' or update your CocoaPods installation.\" >&2\n    exit 1\nfi\n";
			showEnvVarsInLog = 0;
		};
/* End PBXShellScriptBuildPhase section */

/* Begin PBXSourcesBuildPhase section */
		8E651ED71E94ED01000A4440 /* Sources */ = {
			isa = PBXSourcesBuildPhase;
			buildActionMask = 2147483647;
			files = (
				8EE5F4501EA612BC00A9E232 /* AddScheduleController.swift in Sources */,
				8E3123E51EA55B9600B300B6 /* CustomTableViewCell.swift in Sources */,
				8E63548D1EA12248008A30F7 /* SWRevealViewController.m in Sources */,
				8E5C87611EA930CA0062B58F /* GroupTableViewCell.swift in Sources */,
				8E5C875F1EA92DFF0062B58F /* CustomStudentCell.swift in Sources */,
				8E651EFA1E95001F000A4440 /* SwiftVKDelegate.swift in Sources */,
				8E651EDF1E94ED01000A4440 /* AppDelegate.swift in Sources */,
				8E651F001E9529CF000A4440 /* Animation.swift in Sources */,
				8E6354881EA11D27008A30F7 /* ScheduleController.swift in Sources */,
				8E5C875D1EA92DAD0062B58F /* VisitStudentController.swift in Sources */,
				8E651EFE1E952329000A4440 /* AuthenticationViewController.swift in Sources */,
				8E5C87631EA930E50062B58F /* GroupTableViewController.swift in Sources */,
				8E24CC991EA13CA00081676E /* MenuViewController.swift in Sources */,
			);
			runOnlyForDeploymentPostprocessing = 0;
		};
/* End PBXSourcesBuildPhase section */

/* Begin PBXVariantGroup section */
		8E651EE21E94ED01000A4440 /* Main.storyboard */ = {
			isa = PBXVariantGroup;
			children = (
				8E651EE31E94ED01000A4440 /* Base */,
			);
			name = Main.storyboard;
			sourceTree = "<group>";
		};
		8E651EE71E94ED01000A4440 /* LaunchScreen.storyboard */ = {
			isa = PBXVariantGroup;
			children = (
				8E651EE81E94ED01000A4440 /* Base */,
			);
			name = LaunchScreen.storyboard;
			sourceTree = "<group>";
		};
/* End PBXVariantGroup section */

/* Begin XCBuildConfiguration section */
		8E651EEB1E94ED01000A4440 /* Debug */ = {
			isa = XCBuildConfiguration;
			buildSettings = {
				ALWAYS_SEARCH_USER_PATHS = NO;
				CLANG_ANALYZER_NONNULL = YES;
				CLANG_ANALYZER_NUMBER_OBJECT_CONVERSION = YES_AGGRESSIVE;
				CLANG_CXX_LANGUAGE_STANDARD = "gnu++0x";
				CLANG_CXX_LIBRARY = "libc++";
				CLANG_ENABLE_MODULES = YES;
				CLANG_ENABLE_OBJC_ARC = YES;
				CLANG_WARN_BOOL_CONVERSION = YES;
				CLANG_WARN_CONSTANT_CONVERSION = YES;
				CLANG_WARN_DIRECT_OBJC_ISA_USAGE = YES_ERROR;
				CLANG_WARN_DOCUMENTATION_COMMENTS = YES;
				CLANG_WARN_EMPTY_BODY = YES;
				CLANG_WARN_ENUM_CONVERSION = YES;
				CLANG_WARN_INFINITE_RECURSION = YES;
				CLANG_WARN_INT_CONVERSION = YES;
				CLANG_WARN_OBJC_ROOT_CLASS = YES_ERROR;
				CLANG_WARN_SUSPICIOUS_MOVE = YES;
				CLANG_WARN_UNREACHABLE_CODE = YES;
				CLANG_WARN__DUPLICATE_METHOD_MATCH = YES;
				"CODE_SIGN_IDENTITY[sdk=iphoneos*]" = "iPhone Developer";
				COPY_PHASE_STRIP = NO;
				DEBUG_INFORMATION_FORMAT = dwarf;
				ENABLE_STRICT_OBJC_MSGSEND = YES;
				ENABLE_TESTABILITY = YES;
				GCC_C_LANGUAGE_STANDARD = gnu99;
				GCC_DYNAMIC_NO_PIC = NO;
				GCC_NO_COMMON_BLOCKS = YES;
				GCC_OPTIMIZATION_LEVEL = 0;
				GCC_PREPROCESSOR_DEFINITIONS = (
					"DEBUG=1",
					"$(inherited)",
				);
				GCC_WARN_64_TO_32_BIT_CONVERSION = YES;
				GCC_WARN_ABOUT_RETURN_TYPE = YES_ERROR;
				GCC_WARN_UNDECLARED_SELECTOR = YES;
				GCC_WARN_UNINITIALIZED_AUTOS = YES_AGGRESSIVE;
				GCC_WARN_UNUSED_FUNCTION = YES;
				GCC_WARN_UNUSED_VARIABLE = YES;
				IPHONEOS_DEPLOYMENT_TARGET = 10.3;
				MTL_ENABLE_DEBUG_INFO = YES;
				ONLY_ACTIVE_ARCH = YES;
				SDKROOT = iphoneos;
				SWIFT_ACTIVE_COMPILATION_CONDITIONS = DEBUG;
				SWIFT_OPTIMIZATION_LEVEL = "-Onone";
			};
			name = Debug;
		};
		8E651EEC1E94ED01000A4440 /* Release */ = {
			isa = XCBuildConfiguration;
			buildSettings = {
				ALWAYS_SEARCH_USER_PATHS = NO;
				CLANG_ANALYZER_NONNULL = YES;
				CLANG_ANALYZER_NUMBER_OBJECT_CONVERSION = YES_AGGRESSIVE;
				CLANG_CXX_LANGUAGE_STANDARD = "gnu++0x";
				CLANG_CXX_LIBRARY = "libc++";
				CLANG_ENABLE_MODULES = YES;
				CLANG_ENABLE_OBJC_ARC = YES;
				CLANG_WARN_BOOL_CONVERSION = YES;
				CLANG_WARN_CONSTANT_CONVERSION = YES;
				CLANG_WARN_DIRECT_OBJC_ISA_USAGE = YES_ERROR;
				CLANG_WARN_DOCUMENTATION_COMMENTS = YES;
				CLANG_WARN_EMPTY_BODY = YES;
				CLANG_WARN_ENUM_CONVERSION = YES;
				CLANG_WARN_INFINITE_RECURSION = YES;
				CLANG_WARN_INT_CONVERSION = YES;
				CLANG_WARN_OBJC_ROOT_CLASS = YES_ERROR;
				CLANG_WARN_SUSPICIOUS_MOVE = YES;
				CLANG_WARN_UNREACHABLE_CODE = YES;
				CLANG_WARN__DUPLICATE_METHOD_MATCH = YES;
				"CODE_SIGN_IDENTITY[sdk=iphoneos*]" = "iPhone Developer";
				COPY_PHASE_STRIP = NO;
				DEBUG_INFORMATION_FORMAT = "dwarf-with-dsym";
				ENABLE_NS_ASSERTIONS = NO;
				ENABLE_STRICT_OBJC_MSGSEND = YES;
				GCC_C_LANGUAGE_STANDARD = gnu99;
				GCC_NO_COMMON_BLOCKS = YES;
				GCC_WARN_64_TO_32_BIT_CONVERSION = YES;
				GCC_WARN_ABOUT_RETURN_TYPE = YES_ERROR;
				GCC_WARN_UNDECLARED_SELECTOR = YES;
				GCC_WARN_UNINITIALIZED_AUTOS = YES_AGGRESSIVE;
				GCC_WARN_UNUSED_FUNCTION = YES;
				GCC_WARN_UNUSED_VARIABLE = YES;
				IPHONEOS_DEPLOYMENT_TARGET = 10.3;
				MTL_ENABLE_DEBUG_INFO = NO;
				SDKROOT = iphoneos;
				SWIFT_OPTIMIZATION_LEVEL = "-Owholemodule";
				VALIDATE_PRODUCT = YES;
			};
			name = Release;
		};
		8E651EEE1E94ED01000A4440 /* Debug */ = {
			isa = XCBuildConfiguration;
			baseConfigurationReference = 8E66114C0AB22C69F095E085 /* Pods-Schedule.debug.xcconfig */;
			buildSettings = {
				ASSETCATALOG_COMPILER_APPICON_NAME = AppIcon;
				CLANG_ENABLE_MODULES = YES;
				DEVELOPMENT_TEAM = 3XCF2GH957;
				INFOPLIST_FILE = Schedule/Info.plist;
				LD_RUNPATH_SEARCH_PATHS = "$(inherited) @executable_path/Frameworks";
				PRODUCT_BUNDLE_IDENTIFIER = n.Schedule;
				PRODUCT_NAME = "$(TARGET_NAME)";
				SWIFT_OBJC_BRIDGING_HEADER = "Schedule-Bridging-Header.h";
				SWIFT_OPTIMIZATION_LEVEL = "-Onone";
				SWIFT_VERSION = 3.0;
			};
			name = Debug;
		};
		8E651EEF1E94ED01000A4440 /* Release */ = {
			isa = XCBuildConfiguration;
			baseConfigurationReference = 72CEFB3FD80D81F7AFF2F3D1 /* Pods-Schedule.release.xcconfig */;
			buildSettings = {
				ASSETCATALOG_COMPILER_APPICON_NAME = AppIcon;
				CLANG_ENABLE_MODULES = YES;
				DEVELOPMENT_TEAM = 3XCF2GH957;
				INFOPLIST_FILE = Schedule/Info.plist;
				LD_RUNPATH_SEARCH_PATHS = "$(inherited) @executable_path/Frameworks";
				PRODUCT_BUNDLE_IDENTIFIER = n.Schedule;
				PRODUCT_NAME = "$(TARGET_NAME)";
				SWIFT_OBJC_BRIDGING_HEADER = "Schedule-Bridging-Header.h";
				SWIFT_VERSION = 3.0;
			};
			name = Release;
		};
/* End XCBuildConfiguration section */

/* Begin XCConfigurationList section */
		8E651ED61E94ED01000A4440 /* Build configuration list for PBXProject "Schedule" */ = {
			isa = XCConfigurationList;
			buildConfigurations = (
				8E651EEB1E94ED01000A4440 /* Debug */,
				8E651EEC1E94ED01000A4440 /* Release */,
			);
			defaultConfigurationIsVisible = 0;
			defaultConfigurationName = Release;
		};
		8E651EED1E94ED01000A4440 /* Build configuration list for PBXNativeTarget "Schedule" */ = {
			isa = XCConfigurationList;
			buildConfigurations = (
				8E651EEE1E94ED01000A4440 /* Debug */,
				8E651EEF1E94ED01000A4440 /* Release */,
			);
			defaultConfigurationIsVisible = 0;
			defaultConfigurationName = Release;
		};
/* End XCConfigurationList section */
	};
	rootObject = 8E651ED31E94ED01000A4440 /* Project object */;
}
