// !$*UTF8*$!
{
	archiveVersion = 1;
	classes = {
	};
	objectVersion = 46;
	objects = {

/* Begin PBXBuildFile section */
		8E0FAC091EC593C300871090 /* LoadSchedule.swift in Sources */ = {isa = PBXBuildFile; fileRef = 8E0FAC081EC593C300871090 /* LoadSchedule.swift */; };
		8E0FAC0E1EC5967F00871090 /* LoadScheduleImpl.swift in Sources */ = {isa = PBXBuildFile; fileRef = 8E0FAC0D1EC5967F00871090 /* LoadScheduleImpl.swift */; };
		8E0FAC111EC5983E00871090 /* Schedule.swift in Sources */ = {isa = PBXBuildFile; fileRef = 8E0FAC101EC5983E00871090 /* Schedule.swift */; };
		8E0FAC1C1EC59E0000871090 /* ScheduleDataRepository.swift in Sources */ = {isa = PBXBuildFile; fileRef = 8E0FAC1B1EC59E0000871090 /* ScheduleDataRepository.swift */; };
		8E0FAC201EC59F1800871090 /* ScheduleRepository.swift in Sources */ = {isa = PBXBuildFile; fileRef = 8E0FAC1F1EC59F1800871090 /* ScheduleRepository.swift */; };
		8E0FAC2D1EC5A1EC00871090 /* BasePresentProtocol.swift in Sources */ = {isa = PBXBuildFile; fileRef = 8E0FAC2C1EC5A1EC00871090 /* BasePresentProtocol.swift */; };
		8E0FAC301EC5A21A00871090 /* SchedulePresenter.swift in Sources */ = {isa = PBXBuildFile; fileRef = 8E0FAC2F1EC5A21A00871090 /* SchedulePresenter.swift */; };
		8E24CC991EA13CA00081676E /* MenuViewController.swift in Sources */ = {isa = PBXBuildFile; fileRef = 8E24CC981EA13CA00081676E /* MenuViewController.swift */; };
		8E3123E51EA55B9600B300B6 /* ScheduleTableViewCell.swift in Sources */ = {isa = PBXBuildFile; fileRef = 8E3123E41EA55B9600B300B6 /* ScheduleTableViewCell.swift */; };
		8E332C1C1EB0EE410085ADAB /* Visitor.swift in Sources */ = {isa = PBXBuildFile; fileRef = 8E332C1B1EB0EE410085ADAB /* Visitor.swift */; };
		8E332C1E1EB0FD3A0085ADAB /* DecideVisitLesson.swift in Sources */ = {isa = PBXBuildFile; fileRef = 8E332C1D1EB0FD3A0085ADAB /* DecideVisitLesson.swift */; };
		8E36571C1EC5D69300D10187 /* ScheduleInteractor.swift in Sources */ = {isa = PBXBuildFile; fileRef = 8E36571B1EC5D69300D10187 /* ScheduleInteractor.swift */; };
		8E36571E1EC5EAE700D10187 /* TransformJson.swift in Sources */ = {isa = PBXBuildFile; fileRef = 8E36571D1EC5EAE700D10187 /* TransformJson.swift */; };
		8E3657221EC5F60000D10187 /* ScheduleMapper.swift in Sources */ = {isa = PBXBuildFile; fileRef = 8E3657211EC5F60000D10187 /* ScheduleMapper.swift */; };
		8E3657241EC5F61300D10187 /* ScheduleViewModel.swift in Sources */ = {isa = PBXBuildFile; fileRef = 8E3657231EC5F61300D10187 /* ScheduleViewModel.swift */; };
		8E50F75E1E9E38E3000DC803 /* GoogleService-Info.plist in Resources */ = {isa = PBXBuildFile; fileRef = 8E50F75D1E9E38E3000DC803 /* GoogleService-Info.plist */; };
		8E5C875B1EA92C3A0062B58F /* Assets.xcassets in Resources */ = {isa = PBXBuildFile; fileRef = 8E5C875A1EA92C3A0062B58F /* Assets.xcassets */; };
		8E5C875D1EA92DAD0062B58F /* VisitStudentController.swift in Sources */ = {isa = PBXBuildFile; fileRef = 8E5C875C1EA92DAD0062B58F /* VisitStudentController.swift */; };
		8E5C875F1EA92DFF0062B58F /* CustomStudentCell.swift in Sources */ = {isa = PBXBuildFile; fileRef = 8E5C875E1EA92DFF0062B58F /* CustomStudentCell.swift */; };
		8E5C87611EA930CA0062B58F /* GroupTableViewCell.swift in Sources */ = {isa = PBXBuildFile; fileRef = 8E5C87601EA930CA0062B58F /* GroupTableViewCell.swift */; };
		8E6354881EA11D27008A30F7 /* ScheduleController.swift in Sources */ = {isa = PBXBuildFile; fileRef = 8E6354871EA11D27008A30F7 /* ScheduleController.swift */; };
		8E63548D1EA12248008A30F7 /* SWRevealViewController.m in Sources */ = {isa = PBXBuildFile; fileRef = 8E63548C1EA12248008A30F7 /* SWRevealViewController.m */; };
		8E651EDF1E94ED01000A4440 /* AppDelegate.swift in Sources */ = {isa = PBXBuildFile; fileRef = 8E651EDE1E94ED01000A4440 /* AppDelegate.swift */; };
		8E651EE41E94ED01000A4440 /* Main.storyboard in Resources */ = {isa = PBXBuildFile; fileRef = 8E651EE21E94ED01000A4440 /* Main.storyboard */; };
		8E651EE91E94ED01000A4440 /* LaunchScreen.storyboard in Resources */ = {isa = PBXBuildFile; fileRef = 8E651EE71E94ED01000A4440 /* LaunchScreen.storyboard */; };
		8E651EFA1E95001F000A4440 /* SwiftVKDelegate.swift in Sources */ = {isa = PBXBuildFile; fileRef = 8E651EF91E95001F000A4440 /* SwiftVKDelegate.swift */; };
		8E651EFE1E952329000A4440 /* AuthenticationViewController.swift in Sources */ = {isa = PBXBuildFile; fileRef = 8E651EFD1E952329000A4440 /* AuthenticationViewController.swift */; };
		8E651F001E9529CF000A4440 /* Animation.swift in Sources */ = {isa = PBXBuildFile; fileRef = 8E651EFF1E9529CF000A4440 /* Animation.swift */; };
		8E86C8F91EAF4AF30057FF00 /* LoadDataForUniversityGroup.swift in Sources */ = {isa = PBXBuildFile; fileRef = 8E86C8F81EAF4AF30057FF00 /* LoadDataForUniversityGroup.swift */; };
		8E86C8FB1EAF59F10057FF00 /* Group.swift in Sources */ = {isa = PBXBuildFile; fileRef = 8E86C8FA1EAF59F10057FF00 /* Group.swift */; };
		8E86C8FD1EAF6AFD0057FF00 /* ScheduleGroup.swift in Sources */ = {isa = PBXBuildFile; fileRef = 8E86C8FC1EAF6AFD0057FF00 /* ScheduleGroup.swift */; };
		8E86C8FF1EAF88A40057FF00 /* GroupTableController.swift in Sources */ = {isa = PBXBuildFile; fileRef = 8E86C8FE1EAF88A40057FF00 /* GroupTableController.swift */; };
		8E86C9031EAFB3390057FF00 /* Lesson.swift in Sources */ = {isa = PBXBuildFile; fileRef = 8E86C9021EAFB3390057FF00 /* Lesson.swift */; };
		8EC092F21EC98C9500C68453 /* ScheduleView.swift in Sources */ = {isa = PBXBuildFile; fileRef = 8EC092F11EC98C9500C68453 /* ScheduleView.swift */; };
		8EC092F41EC992E400C68453 /* BaseViewProtocol.swift in Sources */ = {isa = PBXBuildFile; fileRef = 8EC092F31EC992E400C68453 /* BaseViewProtocol.swift */; };
		8EC092F61EC9980B00C68453 /* BaseViewController.swift in Sources */ = {isa = PBXBuildFile; fileRef = 8EC092F51EC9980B00C68453 /* BaseViewController.swift */; };
		8EC092F81EC99B0600C68453 /* BaseView.swift in Sources */ = {isa = PBXBuildFile; fileRef = 8EC092F71EC99B0600C68453 /* BaseView.swift */; };
		8EC092FA1EC9A82600C68453 /* BasePresenter.swift in Sources */ = {isa = PBXBuildFile; fileRef = 8EC092F91EC9A82600C68453 /* BasePresenter.swift */; };
		8EC093011EC9B43800C68453 /* UserRepository.swift in Sources */ = {isa = PBXBuildFile; fileRef = 8EC093001EC9B43800C68453 /* UserRepository.swift */; };
		8EC093031EC9B5FE00C68453 /* UserDataRepository.swift in Sources */ = {isa = PBXBuildFile; fileRef = 8EC093021EC9B5FE00C68453 /* UserDataRepository.swift */; };
		8EC093061EC9B75A00C68453 /* LoadUserImpl.swift in Sources */ = {isa = PBXBuildFile; fileRef = 8EC093051EC9B75A00C68453 /* LoadUserImpl.swift */; };
		8EC093081EC9B76800C68453 /* LoadUser.swift in Sources */ = {isa = PBXBuildFile; fileRef = 8EC093071EC9B76800C68453 /* LoadUser.swift */; };
		8EC0930D1EC9BCDC00C68453 /* UserInteractor.swift in Sources */ = {isa = PBXBuildFile; fileRef = 8EC0930C1EC9BCDC00C68453 /* UserInteractor.swift */; };
		8EC093121EC9BFA200C68453 /* AuthenticationPresenter.swift in Sources */ = {isa = PBXBuildFile; fileRef = 8EC093111EC9BFA200C68453 /* AuthenticationPresenter.swift */; };
		8EC093181EC9C0BF00C68453 /* AuthenticationView.swift in Sources */ = {isa = PBXBuildFile; fileRef = 8EC093171EC9C0BF00C68453 /* AuthenticationView.swift */; };
		8EC0931D1EC9C73100C68453 /* MenuPresenter.swift in Sources */ = {isa = PBXBuildFile; fileRef = 8EC0931C1EC9C73100C68453 /* MenuPresenter.swift */; };
		8EC093201EC9C81100C68453 /* MenuView.swift in Sources */ = {isa = PBXBuildFile; fileRef = 8EC0931F1EC9C81100C68453 /* MenuView.swift */; };
		8EC093231EC9D97400C68453 /* VisitLessonRepository.swift in Sources */ = {isa = PBXBuildFile; fileRef = 8EC093221EC9D97400C68453 /* VisitLessonRepository.swift */; };
		8EC093251EC9D9D300C68453 /* VisitLessonDataRepository.swift in Sources */ = {isa = PBXBuildFile; fileRef = 8EC093241EC9D9D300C68453 /* VisitLessonDataRepository.swift */; };
		8EC093281EC9DA4D00C68453 /* LoadVisitLesson.swift in Sources */ = {isa = PBXBuildFile; fileRef = 8EC093271EC9DA4D00C68453 /* LoadVisitLesson.swift */; };
		8EC0932A1EC9DA8000C68453 /* LoadVisitLessonImg.swift in Sources */ = {isa = PBXBuildFile; fileRef = 8EC093291EC9DA8000C68453 /* LoadVisitLessonImg.swift */; };
		8EC0932D1EC9DDF700C68453 /* VisitLessonInteractor.swift in Sources */ = {isa = PBXBuildFile; fileRef = 8EC0932C1EC9DDF700C68453 /* VisitLessonInteractor.swift */; };
		8EC093301EC9E69C00C68453 /* DecideAttendance .swift in Sources */ = {isa = PBXBuildFile; fileRef = 8EC0932F1EC9E69C00C68453 /* DecideAttendance .swift */; };
		8EC093361ECA00B500C68453 /* VisitPresenter.swift in Sources */ = {isa = PBXBuildFile; fileRef = 8EC093351ECA00B500C68453 /* VisitPresenter.swift */; };
		8EC0933A1ECA0A7200C68453 /* VisitMapper.swift in Sources */ = {isa = PBXBuildFile; fileRef = 8EC093391ECA0A7200C68453 /* VisitMapper.swift */; };
		8EC0933C1ECA0A8200C68453 /* VisitViewModel.swift in Sources */ = {isa = PBXBuildFile; fileRef = 8EC0933B1ECA0A8200C68453 /* VisitViewModel.swift */; };
		8EE5F4501EA612BC00A9E232 /* AddScheduleController.swift in Sources */ = {isa = PBXBuildFile; fileRef = 8EE5F44F1EA612BC00A9E232 /* AddScheduleController.swift */; };
		E866F389C2150D0FCB111352 /* Pods_Schedule.framework in Frameworks */ = {isa = PBXBuildFile; fileRef = 065D2CA47FF80803B9D6C55E /* Pods_Schedule.framework */; };
/* End PBXBuildFile section */

/* Begin PBXFileReference section */
		065D2CA47FF80803B9D6C55E /* Pods_Schedule.framework */ = {isa = PBXFileReference; explicitFileType = wrapper.framework; includeInIndex = 0; path = Pods_Schedule.framework; sourceTree = BUILT_PRODUCTS_DIR; };
		72CEFB3FD80D81F7AFF2F3D1 /* Pods-Schedule.release.xcconfig */ = {isa = PBXFileReference; includeInIndex = 1; lastKnownFileType = text.xcconfig; name = "Pods-Schedule.release.xcconfig"; path = "Pods/Target Support Files/Pods-Schedule/Pods-Schedule.release.xcconfig"; sourceTree = "<group>"; };
		8E0FAC081EC593C300871090 /* LoadSchedule.swift */ = {isa = PBXFileReference; fileEncoding = 4; lastKnownFileType = sourcecode.swift; path = LoadSchedule.swift; sourceTree = "<group>"; };
		8E0FAC0D1EC5967F00871090 /* LoadScheduleImpl.swift */ = {isa = PBXFileReference; fileEncoding = 4; lastKnownFileType = sourcecode.swift; path = LoadScheduleImpl.swift; sourceTree = "<group>"; };
		8E0FAC101EC5983E00871090 /* Schedule.swift */ = {isa = PBXFileReference; fileEncoding = 4; lastKnownFileType = sourcecode.swift; path = Schedule.swift; sourceTree = "<group>"; };
		8E0FAC1B1EC59E0000871090 /* ScheduleDataRepository.swift */ = {isa = PBXFileReference; fileEncoding = 4; lastKnownFileType = sourcecode.swift; path = ScheduleDataRepository.swift; sourceTree = "<group>"; };
		8E0FAC1F1EC59F1800871090 /* ScheduleRepository.swift */ = {isa = PBXFileReference; fileEncoding = 4; lastKnownFileType = sourcecode.swift; path = ScheduleRepository.swift; sourceTree = "<group>"; };
		8E0FAC2C1EC5A1EC00871090 /* BasePresentProtocol.swift */ = {isa = PBXFileReference; fileEncoding = 4; lastKnownFileType = sourcecode.swift; path = BasePresentProtocol.swift; sourceTree = "<group>"; };
		8E0FAC2F1EC5A21A00871090 /* SchedulePresenter.swift */ = {isa = PBXFileReference; fileEncoding = 4; lastKnownFileType = sourcecode.swift; path = SchedulePresenter.swift; sourceTree = "<group>"; };
		8E24CC981EA13CA00081676E /* MenuViewController.swift */ = {isa = PBXFileReference; fileEncoding = 4; lastKnownFileType = sourcecode.swift; path = MenuViewController.swift; sourceTree = "<group>"; };
		8E3123E41EA55B9600B300B6 /* ScheduleTableViewCell.swift */ = {isa = PBXFileReference; fileEncoding = 4; lastKnownFileType = sourcecode.swift; path = ScheduleTableViewCell.swift; sourceTree = "<group>"; };
		8E332C1B1EB0EE410085ADAB /* Visitor.swift */ = {isa = PBXFileReference; fileEncoding = 4; lastKnownFileType = sourcecode.swift; path = Visitor.swift; sourceTree = "<group>"; };
		8E332C1D1EB0FD3A0085ADAB /* DecideVisitLesson.swift */ = {isa = PBXFileReference; fileEncoding = 4; lastKnownFileType = sourcecode.swift; path = DecideVisitLesson.swift; sourceTree = "<group>"; };
		8E36571B1EC5D69300D10187 /* ScheduleInteractor.swift */ = {isa = PBXFileReference; fileEncoding = 4; lastKnownFileType = sourcecode.swift; path = ScheduleInteractor.swift; sourceTree = "<group>"; };
		8E36571D1EC5EAE700D10187 /* TransformJson.swift */ = {isa = PBXFileReference; fileEncoding = 4; lastKnownFileType = sourcecode.swift; path = TransformJson.swift; sourceTree = "<group>"; };
		8E3657211EC5F60000D10187 /* ScheduleMapper.swift */ = {isa = PBXFileReference; fileEncoding = 4; lastKnownFileType = sourcecode.swift; path = ScheduleMapper.swift; sourceTree = "<group>"; };
		8E3657231EC5F61300D10187 /* ScheduleViewModel.swift */ = {isa = PBXFileReference; fileEncoding = 4; lastKnownFileType = sourcecode.swift; path = ScheduleViewModel.swift; sourceTree = "<group>"; };
		8E50F75A1E9E2CF5000DC803 /* Schedule-Bridging-Header.h */ = {isa = PBXFileReference; lastKnownFileType = sourcecode.c.h; path = "Schedule-Bridging-Header.h"; sourceTree = SOURCE_ROOT; };
		8E50F75D1E9E38E3000DC803 /* GoogleService-Info.plist */ = {isa = PBXFileReference; fileEncoding = 4; lastKnownFileType = text.plist.xml; name = "GoogleService-Info.plist"; path = "../GoogleService-Info.plist"; sourceTree = "<group>"; };
		8E5C875A1EA92C3A0062B58F /* Assets.xcassets */ = {isa = PBXFileReference; lastKnownFileType = folder.assetcatalog; path = Assets.xcassets; sourceTree = "<group>"; };
		8E5C875C1EA92DAD0062B58F /* VisitStudentController.swift */ = {isa = PBXFileReference; fileEncoding = 4; lastKnownFileType = sourcecode.swift; path = VisitStudentController.swift; sourceTree = "<group>"; };
		8E5C875E1EA92DFF0062B58F /* CustomStudentCell.swift */ = {isa = PBXFileReference; fileEncoding = 4; lastKnownFileType = sourcecode.swift; path = CustomStudentCell.swift; sourceTree = "<group>"; };
		8E5C87601EA930CA0062B58F /* GroupTableViewCell.swift */ = {isa = PBXFileReference; fileEncoding = 4; lastKnownFileType = sourcecode.swift; path = GroupTableViewCell.swift; sourceTree = "<group>"; };
		8E6354871EA11D27008A30F7 /* ScheduleController.swift */ = {isa = PBXFileReference; fileEncoding = 4; lastKnownFileType = sourcecode.swift; path = ScheduleController.swift; sourceTree = "<group>"; };
		8E63548C1EA12248008A30F7 /* SWRevealViewController.m */ = {isa = PBXFileReference; fileEncoding = 4; lastKnownFileType = sourcecode.c.objc; path = SWRevealViewController.m; sourceTree = "<group>"; };
		8E63548E1EA12254008A30F7 /* SWRevealViewController.h */ = {isa = PBXFileReference; lastKnownFileType = sourcecode.c.h; path = SWRevealViewController.h; sourceTree = "<group>"; };
		8E651EDB1E94ED01000A4440 /* Schedule.app */ = {isa = PBXFileReference; explicitFileType = wrapper.application; includeInIndex = 0; path = Schedule.app; sourceTree = BUILT_PRODUCTS_DIR; };
		8E651EDE1E94ED01000A4440 /* AppDelegate.swift */ = {isa = PBXFileReference; lastKnownFileType = sourcecode.swift; path = AppDelegate.swift; sourceTree = "<group>"; };
		8E651EE31E94ED01000A4440 /* Base */ = {isa = PBXFileReference; lastKnownFileType = file.storyboard; name = Base; path = Base.lproj/Main.storyboard; sourceTree = "<group>"; };
		8E651EE81E94ED01000A4440 /* Base */ = {isa = PBXFileReference; lastKnownFileType = file.storyboard; name = Base; path = Base.lproj/LaunchScreen.storyboard; sourceTree = "<group>"; };
		8E651EEA1E94ED01000A4440 /* Info.plist */ = {isa = PBXFileReference; lastKnownFileType = text.plist.xml; path = Info.plist; sourceTree = "<group>"; };
		8E651EF91E95001F000A4440 /* SwiftVKDelegate.swift */ = {isa = PBXFileReference; fileEncoding = 4; lastKnownFileType = sourcecode.swift; path = SwiftVKDelegate.swift; sourceTree = "<group>"; };
		8E651EFD1E952329000A4440 /* AuthenticationViewController.swift */ = {isa = PBXFileReference; fileEncoding = 4; lastKnownFileType = sourcecode.swift; path = AuthenticationViewController.swift; sourceTree = "<group>"; };
		8E651EFF1E9529CF000A4440 /* Animation.swift */ = {isa = PBXFileReference; fileEncoding = 4; lastKnownFileType = sourcecode.swift; path = Animation.swift; sourceTree = "<group>"; };
		8E66114C0AB22C69F095E085 /* Pods-Schedule.debug.xcconfig */ = {isa = PBXFileReference; includeInIndex = 1; lastKnownFileType = text.xcconfig; name = "Pods-Schedule.debug.xcconfig"; path = "Pods/Target Support Files/Pods-Schedule/Pods-Schedule.debug.xcconfig"; sourceTree = "<group>"; };
		8E86C8F81EAF4AF30057FF00 /* LoadDataForUniversityGroup.swift */ = {isa = PBXFileReference; fileEncoding = 4; lastKnownFileType = sourcecode.swift; path = LoadDataForUniversityGroup.swift; sourceTree = "<group>"; };
		8E86C8FA1EAF59F10057FF00 /* Group.swift */ = {isa = PBXFileReference; fileEncoding = 4; lastKnownFileType = sourcecode.swift; path = Group.swift; sourceTree = "<group>"; };
		8E86C8FC1EAF6AFD0057FF00 /* ScheduleGroup.swift */ = {isa = PBXFileReference; fileEncoding = 4; lastKnownFileType = sourcecode.swift; path = ScheduleGroup.swift; sourceTree = "<group>"; };
		8E86C8FE1EAF88A40057FF00 /* GroupTableController.swift */ = {isa = PBXFileReference; fileEncoding = 4; lastKnownFileType = sourcecode.swift; path = GroupTableController.swift; sourceTree = "<group>"; };
		8E86C9021EAFB3390057FF00 /* Lesson.swift */ = {isa = PBXFileReference; fileEncoding = 4; lastKnownFileType = sourcecode.swift; path = Lesson.swift; sourceTree = "<group>"; };
		8EC092F11EC98C9500C68453 /* ScheduleView.swift */ = {isa = PBXFileReference; fileEncoding = 4; lastKnownFileType = sourcecode.swift; path = ScheduleView.swift; sourceTree = "<group>"; };
		8EC092F31EC992E400C68453 /* BaseViewProtocol.swift */ = {isa = PBXFileReference; fileEncoding = 4; lastKnownFileType = sourcecode.swift; path = BaseViewProtocol.swift; sourceTree = "<group>"; };
		8EC092F51EC9980B00C68453 /* BaseViewController.swift */ = {isa = PBXFileReference; fileEncoding = 4; lastKnownFileType = sourcecode.swift; path = BaseViewController.swift; sourceTree = "<group>"; };
		8EC092F71EC99B0600C68453 /* BaseView.swift */ = {isa = PBXFileReference; fileEncoding = 4; lastKnownFileType = sourcecode.swift; path = BaseView.swift; sourceTree = "<group>"; };
		8EC092F91EC9A82600C68453 /* BasePresenter.swift */ = {isa = PBXFileReference; fileEncoding = 4; lastKnownFileType = sourcecode.swift; path = BasePresenter.swift; sourceTree = "<group>"; };
		8EC093001EC9B43800C68453 /* UserRepository.swift */ = {isa = PBXFileReference; fileEncoding = 4; lastKnownFileType = sourcecode.swift; path = UserRepository.swift; sourceTree = "<group>"; };
		8EC093021EC9B5FE00C68453 /* UserDataRepository.swift */ = {isa = PBXFileReference; fileEncoding = 4; lastKnownFileType = sourcecode.swift; path = UserDataRepository.swift; sourceTree = "<group>"; };
		8EC093051EC9B75A00C68453 /* LoadUserImpl.swift */ = {isa = PBXFileReference; fileEncoding = 4; lastKnownFileType = sourcecode.swift; path = LoadUserImpl.swift; sourceTree = "<group>"; };
		8EC093071EC9B76800C68453 /* LoadUser.swift */ = {isa = PBXFileReference; fileEncoding = 4; lastKnownFileType = sourcecode.swift; path = LoadUser.swift; sourceTree = "<group>"; };
		8EC0930C1EC9BCDC00C68453 /* UserInteractor.swift */ = {isa = PBXFileReference; fileEncoding = 4; lastKnownFileType = sourcecode.swift; path = UserInteractor.swift; sourceTree = "<group>"; };
		8EC093111EC9BFA200C68453 /* AuthenticationPresenter.swift */ = {isa = PBXFileReference; fileEncoding = 4; lastKnownFileType = sourcecode.swift; path = AuthenticationPresenter.swift; sourceTree = "<group>"; };
		8EC093171EC9C0BF00C68453 /* AuthenticationView.swift */ = {isa = PBXFileReference; fileEncoding = 4; lastKnownFileType = sourcecode.swift; path = AuthenticationView.swift; sourceTree = "<group>"; };
		8EC0931C1EC9C73100C68453 /* MenuPresenter.swift */ = {isa = PBXFileReference; fileEncoding = 4; lastKnownFileType = sourcecode.swift; path = MenuPresenter.swift; sourceTree = "<group>"; };
		8EC0931F1EC9C81100C68453 /* MenuView.swift */ = {isa = PBXFileReference; fileEncoding = 4; lastKnownFileType = sourcecode.swift; path = MenuView.swift; sourceTree = "<group>"; };
		8EC093221EC9D97400C68453 /* VisitLessonRepository.swift */ = {isa = PBXFileReference; fileEncoding = 4; lastKnownFileType = sourcecode.swift; path = VisitLessonRepository.swift; sourceTree = "<group>"; };
		8EC093241EC9D9D300C68453 /* VisitLessonDataRepository.swift */ = {isa = PBXFileReference; fileEncoding = 4; lastKnownFileType = sourcecode.swift; path = VisitLessonDataRepository.swift; sourceTree = "<group>"; };
		8EC093271EC9DA4D00C68453 /* LoadVisitLesson.swift */ = {isa = PBXFileReference; fileEncoding = 4; lastKnownFileType = sourcecode.swift; path = LoadVisitLesson.swift; sourceTree = "<group>"; };
		8EC093291EC9DA8000C68453 /* LoadVisitLessonImg.swift */ = {isa = PBXFileReference; fileEncoding = 4; lastKnownFileType = sourcecode.swift; path = LoadVisitLessonImg.swift; sourceTree = "<group>"; };
		8EC0932C1EC9DDF700C68453 /* VisitLessonInteractor.swift */ = {isa = PBXFileReference; fileEncoding = 4; lastKnownFileType = sourcecode.swift; path = VisitLessonInteractor.swift; sourceTree = "<group>"; };
		8EC0932F1EC9E69C00C68453 /* DecideAttendance .swift */ = {isa = PBXFileReference; fileEncoding = 4; lastKnownFileType = sourcecode.swift; path = "DecideAttendance .swift"; sourceTree = "<group>"; };
		8EC093351ECA00B500C68453 /* VisitPresenter.swift */ = {isa = PBXFileReference; fileEncoding = 4; lastKnownFileType = sourcecode.swift; path = VisitPresenter.swift; sourceTree = "<group>"; };
		8EC093391ECA0A7200C68453 /* VisitMapper.swift */ = {isa = PBXFileReference; fileEncoding = 4; lastKnownFileType = sourcecode.swift; path = VisitMapper.swift; sourceTree = "<group>"; };
		8EC0933B1ECA0A8200C68453 /* VisitViewModel.swift */ = {isa = PBXFileReference; fileEncoding = 4; lastKnownFileType = sourcecode.swift; path = VisitViewModel.swift; sourceTree = "<group>"; };
		8EE5F44F1EA612BC00A9E232 /* AddScheduleController.swift */ = {isa = PBXFileReference; fileEncoding = 4; lastKnownFileType = sourcecode.swift; path = AddScheduleController.swift; sourceTree = "<group>"; };
/* End PBXFileReference section */

/* Begin PBXFrameworksBuildPhase section */
		8E651ED81E94ED01000A4440 /* Frameworks */ = {
			isa = PBXFrameworksBuildPhase;
			buildActionMask = 2147483647;
			files = (
				E866F389C2150D0FCB111352 /* Pods_Schedule.framework in Frameworks */,
			);
			runOnlyForDeploymentPostprocessing = 0;
		};
/* End PBXFrameworksBuildPhase section */

/* Begin PBXGroup section */
		1138AF6E967C80493F660862 /* Pods */ = {
			isa = PBXGroup;
			children = (
				8E66114C0AB22C69F095E085 /* Pods-Schedule.debug.xcconfig */,
				72CEFB3FD80D81F7AFF2F3D1 /* Pods-Schedule.release.xcconfig */,
			);
			name = Pods;
			sourceTree = "<group>";
		};
		8E0FAC031EC5916200871090 /* Data */ = {
			isa = PBXGroup;
			children = (
				8E0FAC191EC59DB600871090 /* Repository */,
				8E0FAC051EC5919500871090 /* DataStore */,
			);
			name = Data;
			sourceTree = "<group>";
		};
		8E0FAC051EC5919500871090 /* DataStore */ = {
			isa = PBXGroup;
			children = (
				8EC0932E1EC9E63300C68453 /* DecideVisitLessons */,
				8EC093261EC9DA1B00C68453 /* VisitLesson */,
				8EC093041EC9B74100C68453 /* User */,
				8EC092FD1EC9B36A00C68453 /* Schedule */,
				8E36571D1EC5EAE700D10187 /* TransformJson.swift */,
			);
			name = DataStore;
			sourceTree = "<group>";
		};
		8E0FAC0A1EC594BF00871090 /* Domain */ = {
			isa = PBXGroup;
			children = (
				8E0FAC211EC59F6600871090 /* Interactor */,
				8E0FAC0B1EC594EB00871090 /* Model */,
			);
			name = Domain;
			sourceTree = "<group>";
		};
		8E0FAC0B1EC594EB00871090 /* Model */ = {
			isa = PBXGroup;
			children = (
				8E86C8FC1EAF6AFD0057FF00 /* ScheduleGroup.swift */,
				8E0FAC101EC5983E00871090 /* Schedule.swift */,
				8E86C9021EAFB3390057FF00 /* Lesson.swift */,
				8E332C1B1EB0EE410085ADAB /* Visitor.swift */,
			);
			name = Model;
			sourceTree = "<group>";
		};
		8E0FAC191EC59DB600871090 /* Repository */ = {
			isa = PBXGroup;
			children = (
				8EC093211EC9D92D00C68453 /* VisitLesson */,
				8EC092FF1EC9B3EF00C68453 /* User */,
				8EC092FC1EC9B36100C68453 /* Schedule */,
			);
			name = Repository;
			sourceTree = "<group>";
		};
		8E0FAC211EC59F6600871090 /* Interactor */ = {
			isa = PBXGroup;
			children = (
				8EC0932B1EC9DDE600C68453 /* VisitLesson */,
				8EC093091EC9BCB600C68453 /* User */,
				8EC092FE1EC9B3A300C68453 /* Schedule */,
			);
			name = Interactor;
			sourceTree = "<group>";
		};
		8E0FAC291EC5A18A00871090 /* Presentation */ = {
			isa = PBXGroup;
			children = (
				8E3657201EC5F16400D10187 /* ViewModel */,
				8E36571F1EC5F15A00D10187 /* Mapper */,
				8E0FAC2A1EC5A1B700871090 /* Presenter */,
				8E0FAC2B1EC5A1CD00871090 /* View */,
			);
			name = Presentation;
			sourceTree = "<group>";
		};
		8E0FAC2A1EC5A1B700871090 /* Presenter */ = {
			isa = PBXGroup;
			children = (
				8EC093341ECA009200C68453 /* Visit */,
				8EC093191EC9C6B500C68453 /* Menu */,
				8EC0930F1EC9BF6200C68453 /* Authentication */,
				8EC092FB1EC9AE0C00C68453 /* Schedule */,
				8E0FAC2C1EC5A1EC00871090 /* BasePresentProtocol.swift */,
				8EC092F91EC9A82600C68453 /* BasePresenter.swift */,
			);
			name = Presenter;
			sourceTree = "<group>";
		};
		8E0FAC2B1EC5A1CD00871090 /* View */ = {
			isa = PBXGroup;
			children = (
				8EC0931A1EC9C6BE00C68453 /* Menu */,
				8EC093101EC9BF7F00C68453 /* Authentication */,
				8EC092F31EC992E400C68453 /* BaseViewProtocol.swift */,
				8EC092F71EC99B0600C68453 /* BaseView.swift */,
				8EC092F01EC98C8100C68453 /* Schedule */,
			);
			name = View;
			sourceTree = "<group>";
		};
		8E0FAC311EC5A39600871090 /* ScheduleController */ = {
			isa = PBXGroup;
			children = (
				8E6354871EA11D27008A30F7 /* ScheduleController.swift */,
				8E3123E41EA55B9600B300B6 /* ScheduleTableViewCell.swift */,
			);
			name = ScheduleController;
			sourceTree = "<group>";
		};
		8E36571F1EC5F15A00D10187 /* Mapper */ = {
			isa = PBXGroup;
			children = (
				8E3657211EC5F60000D10187 /* ScheduleMapper.swift */,
				8EC093391ECA0A7200C68453 /* VisitMapper.swift */,
			);
			name = Mapper;
			sourceTree = "<group>";
		};
		8E3657201EC5F16400D10187 /* ViewModel */ = {
			isa = PBXGroup;
			children = (
				8E3657231EC5F61300D10187 /* ScheduleViewModel.swift */,
				8EC0933B1ECA0A8200C68453 /* VisitViewModel.swift */,
			);
			name = ViewModel;
			sourceTree = "<group>";
		};
		8E63548B1EA12231008A30F7 /* SWRevealViewController */ = {
			isa = PBXGroup;
			children = (
				8E50F75A1E9E2CF5000DC803 /* Schedule-Bridging-Header.h */,
				8E63548E1EA12254008A30F7 /* SWRevealViewController.h */,
				8E63548C1EA12248008A30F7 /* SWRevealViewController.m */,
			);
			name = SWRevealViewController;
			sourceTree = "<group>";
		};
		8E651ED21E94ED01000A4440 = {
			isa = PBXGroup;
			children = (
				8E651EDD1E94ED01000A4440 /* Schedule */,
				8E651EDC1E94ED01000A4440 /* Products */,
				1138AF6E967C80493F660862 /* Pods */,
				ED4ADBF43A0618719B54EA4A /* Frameworks */,
			);
			sourceTree = "<group>";
		};
		8E651EDC1E94ED01000A4440 /* Products */ = {
			isa = PBXGroup;
			children = (
				8E651EDB1E94ED01000A4440 /* Schedule.app */,
			);
			name = Products;
			sourceTree = "<group>";
		};
		8E651EDD1E94ED01000A4440 /* Schedule */ = {
			isa = PBXGroup;
			children = (
				8E63548B1EA12231008A30F7 /* SWRevealViewController */,
				8EC092EE1EC977EE00C68453 /* Animation */,
				8E0FAC031EC5916200871090 /* Data */,
				8E0FAC0A1EC594BF00871090 /* Domain */,
				8E0FAC291EC5A18A00871090 /* Presentation */,
				8EC092EF1EC98C2700C68453 /* ViewController */,
				8E651EF21E94EF66000A4440 /* Controller */,
				8E651EF11E94EF5F000A4440 /* StoryBoard */,
				8E651EF01E94EF42000A4440 /* Models */,
				8E651EDE1E94ED01000A4440 /* AppDelegate.swift */,
				8E50F75D1E9E38E3000DC803 /* GoogleService-Info.plist */,
				8E651EEA1E94ED01000A4440 /* Info.plist */,
				8E651EF91E95001F000A4440 /* SwiftVKDelegate.swift */,
			);
			path = Schedule;
			sourceTree = "<group>";
		};
		8E651EF01E94EF42000A4440 /* Models */ = {
			isa = PBXGroup;
			children = (
				8E86C8FA1EAF59F10057FF00 /* Group.swift */,
			);
			name = Models;
			sourceTree = "<group>";
		};
		8E651EF11E94EF5F000A4440 /* StoryBoard */ = {
			isa = PBXGroup;
			children = (
				8E651EE21E94ED01000A4440 /* Main.storyboard */,
				8E651EE71E94ED01000A4440 /* LaunchScreen.storyboard */,
				8E5C875A1EA92C3A0062B58F /* Assets.xcassets */,
			);
			name = StoryBoard;
			sourceTree = "<group>";
		};
		8E651EF21E94EF66000A4440 /* Controller */ = {
			isa = PBXGroup;
			children = (
				8E86C8F81EAF4AF30057FF00 /* LoadDataForUniversityGroup.swift */,
				8E332C1D1EB0FD3A0085ADAB /* DecideVisitLesson.swift */,
				8E5C87601EA930CA0062B58F /* GroupTableViewCell.swift */,
				8E86C8FE1EAF88A40057FF00 /* GroupTableController.swift */,
				8EE5F44F1EA612BC00A9E232 /* AddScheduleController.swift */,
			);
			name = Controller;
			sourceTree = "<group>";
		};
		8EC092EE1EC977EE00C68453 /* Animation */ = {
			isa = PBXGroup;
			children = (
				8E651EFF1E9529CF000A4440 /* Animation.swift */,
			);
			name = Animation;
			sourceTree = "<group>";
		};
		8EC092EF1EC98C2700C68453 /* ViewController */ = {
			isa = PBXGroup;
			children = (
				8EC093321ECA007500C68453 /* VisitController */,
				8EC0931B1EC9C6C600C68453 /* Menu */,
				8EC0930E1EC9BF2500C68453 /* AuthenticationController */,
				8EC092F51EC9980B00C68453 /* BaseViewController.swift */,
				8E0FAC311EC5A39600871090 /* ScheduleController */,
			);
			name = ViewController;
			sourceTree = "<group>";
		};
		8EC092F01EC98C8100C68453 /* Schedule */ = {
			isa = PBXGroup;
			children = (
				8EC092F11EC98C9500C68453 /* ScheduleView.swift */,
			);
			name = Schedule;
			sourceTree = "<group>";
		};
		8EC092FB1EC9AE0C00C68453 /* Schedule */ = {
			isa = PBXGroup;
			children = (
				8E0FAC2F1EC5A21A00871090 /* SchedulePresenter.swift */,
			);
			name = Schedule;
			sourceTree = "<group>";
		};
		8EC092FC1EC9B36100C68453 /* Schedule */ = {
			isa = PBXGroup;
			children = (
				8E0FAC1F1EC59F1800871090 /* ScheduleRepository.swift */,
				8E0FAC1B1EC59E0000871090 /* ScheduleDataRepository.swift */,
			);
			name = Schedule;
			sourceTree = "<group>";
		};
		8EC092FD1EC9B36A00C68453 /* Schedule */ = {
			isa = PBXGroup;
			children = (
				8E0FAC081EC593C300871090 /* LoadSchedule.swift */,
				8E0FAC0D1EC5967F00871090 /* LoadScheduleImpl.swift */,
			);
			name = Schedule;
			sourceTree = "<group>";
		};
		8EC092FE1EC9B3A300C68453 /* Schedule */ = {
			isa = PBXGroup;
			children = (
				8E36571B1EC5D69300D10187 /* ScheduleInteractor.swift */,
			);
			name = Schedule;
			sourceTree = "<group>";
		};
		8EC092FF1EC9B3EF00C68453 /* User */ = {
			isa = PBXGroup;
			children = (
				8EC093001EC9B43800C68453 /* UserRepository.swift */,
				8EC093021EC9B5FE00C68453 /* UserDataRepository.swift */,
			);
			name = User;
			sourceTree = "<group>";
		};
		8EC093041EC9B74100C68453 /* User */ = {
			isa = PBXGroup;
			children = (
				8EC093051EC9B75A00C68453 /* LoadUserImpl.swift */,
				8EC093071EC9B76800C68453 /* LoadUser.swift */,
			);
			name = User;
			sourceTree = "<group>";
		};
		8EC093091EC9BCB600C68453 /* User */ = {
			isa = PBXGroup;
			children = (
				8EC0930C1EC9BCDC00C68453 /* UserInteractor.swift */,
			);
			name = User;
			sourceTree = "<group>";
		};
		8EC0930E1EC9BF2500C68453 /* AuthenticationController */ = {
			isa = PBXGroup;
			children = (
				8E651EFD1E952329000A4440 /* AuthenticationViewController.swift */,
			);
			name = AuthenticationController;
			sourceTree = "<group>";
		};
		8EC0930F1EC9BF6200C68453 /* Authentication */ = {
			isa = PBXGroup;
			children = (
				8EC093111EC9BFA200C68453 /* AuthenticationPresenter.swift */,
			);
			name = Authentication;
			sourceTree = "<group>";
		};
		8EC093101EC9BF7F00C68453 /* Authentication */ = {
			isa = PBXGroup;
			children = (
				8EC093171EC9C0BF00C68453 /* AuthenticationView.swift */,
			);
			name = Authentication;
			sourceTree = "<group>";
		};
		8EC093191EC9C6B500C68453 /* Menu */ = {
			isa = PBXGroup;
			children = (
				8EC0931C1EC9C73100C68453 /* MenuPresenter.swift */,
			);
			name = Menu;
			sourceTree = "<group>";
		};
		8EC0931A1EC9C6BE00C68453 /* Menu */ = {
			isa = PBXGroup;
			children = (
				8EC0931F1EC9C81100C68453 /* MenuView.swift */,
			);
			name = Menu;
			sourceTree = "<group>";
		};
		8EC0931B1EC9C6C600C68453 /* Menu */ = {
			isa = PBXGroup;
			children = (
				8E24CC981EA13CA00081676E /* MenuViewController.swift */,
			);
			name = Menu;
			sourceTree = "<group>";
		};
		8EC093211EC9D92D00C68453 /* VisitLesson */ = {
			isa = PBXGroup;
			children = (
				8EC093221EC9D97400C68453 /* VisitLessonRepository.swift */,
				8EC093241EC9D9D300C68453 /* VisitLessonDataRepository.swift */,
			);
			name = VisitLesson;
			sourceTree = "<group>";
		};
		8EC093261EC9DA1B00C68453 /* VisitLesson */ = {
			isa = PBXGroup;
			children = (
				8EC093271EC9DA4D00C68453 /* LoadVisitLesson.swift */,
				8EC093291EC9DA8000C68453 /* LoadVisitLessonImg.swift */,
			);
			name = VisitLesson;
			sourceTree = "<group>";
		};
		8EC0932B1EC9DDE600C68453 /* VisitLesson */ = {
			isa = PBXGroup;
			children = (
				8EC0932C1EC9DDF700C68453 /* VisitLessonInteractor.swift */,
			);
			name = VisitLesson;
			sourceTree = "<group>";
		};
		8EC0932E1EC9E63300C68453 /* DecideVisitLessons */ = {
			isa = PBXGroup;
			children = (
				8EC0932F1EC9E69C00C68453 /* DecideAttendance .swift */,
			);
			name = DecideVisitLessons;
			sourceTree = "<group>";
		};
		8EC093321ECA007500C68453 /* VisitController */ = {
			isa = PBXGroup;
			children = (
				8E5C875E1EA92DFF0062B58F /* CustomStudentCell.swift */,
				8E5C875C1EA92DAD0062B58F /* VisitStudentController.swift */,
			);
			name = VisitController;
			sourceTree = "<group>";
		};
		8EC093341ECA009200C68453 /* Visit */ = {
			isa = PBXGroup;
			children = (
				8EC093351ECA00B500C68453 /* VisitPresenter.swift */,
			);
			name = Visit;
			sourceTree = "<group>";
		};
		ED4ADBF43A0618719B54EA4A /* Frameworks */ = {
			isa = PBXGroup;
			children = (
				065D2CA47FF80803B9D6C55E /* Pods_Schedule.framework */,
			);
			name = Frameworks;
			sourceTree = "<group>";
		};
/* End PBXGroup section */

/* Begin PBXNativeTarget section */
		8E651EDA1E94ED01000A4440 /* Schedule */ = {
			isa = PBXNativeTarget;
			buildConfigurationList = 8E651EED1E94ED01000A4440 /* Build configuration list for PBXNativeTarget "Schedule" */;
			buildPhases = (
				A0673CE43D1F000AD9C5C538 /* [CP] Check Pods Manifest.lock */,
				8E651ED71E94ED01000A4440 /* Sources */,
				8E651ED81E94ED01000A4440 /* Frameworks */,
				8E651ED91E94ED01000A4440 /* Resources */,
				55065098F10F631404697577 /* [CP] Embed Pods Frameworks */,
				2B27D5A3990B6E92097CA0DF /* [CP] Copy Pods Resources */,
			);
			buildRules = (
			);
			dependencies = (
			);
			name = Schedule;
			productName = Schedule;
			productReference = 8E651EDB1E94ED01000A4440 /* Schedule.app */;
			productType = "com.apple.product-type.application";
		};
/* End PBXNativeTarget section */

/* Begin PBXProject section */
		8E651ED31E94ED01000A4440 /* Project object */ = {
			isa = PBXProject;
			attributes = {
				LastSwiftUpdateCheck = 0830;
				LastUpgradeCheck = 0830;
				ORGANIZATIONNAME = "Влад Бирюков";
				TargetAttributes = {
					8E651EDA1E94ED01000A4440 = {
						CreatedOnToolsVersion = 8.3;
						DevelopmentTeam = 3XCF2GH957;
						LastSwiftMigration = 0830;
						ProvisioningStyle = Automatic;
					};
				};
			};
			buildConfigurationList = 8E651ED61E94ED01000A4440 /* Build configuration list for PBXProject "Schedule" */;
			compatibilityVersion = "Xcode 3.2";
			developmentRegion = English;
			hasScannedForEncodings = 0;
			knownRegions = (
				en,
				Base,
			);
			mainGroup = 8E651ED21E94ED01000A4440;
			productRefGroup = 8E651EDC1E94ED01000A4440 /* Products */;
			projectDirPath = "";
			projectRoot = "";
			targets = (
				8E651EDA1E94ED01000A4440 /* Schedule */,
			);
		};
/* End PBXProject section */

/* Begin PBXResourcesBuildPhase section */
		8E651ED91E94ED01000A4440 /* Resources */ = {
			isa = PBXResourcesBuildPhase;
			buildActionMask = 2147483647;
			files = (
				8E651EE91E94ED01000A4440 /* LaunchScreen.storyboard in Resources */,
				8E50F75E1E9E38E3000DC803 /* GoogleService-Info.plist in Resources */,
				8E5C875B1EA92C3A0062B58F /* Assets.xcassets in Resources */,
				8E651EE41E94ED01000A4440 /* Main.storyboard in Resources */,
			);
			runOnlyForDeploymentPostprocessing = 0;
		};
/* End PBXResourcesBuildPhase section */

/* Begin PBXShellScriptBuildPhase section */
		2B27D5A3990B6E92097CA0DF /* [CP] Copy Pods Resources */ = {
			isa = PBXShellScriptBuildPhase;
			buildActionMask = 2147483647;
			files = (
			);
			inputPaths = (
			);
			name = "[CP] Copy Pods Resources";
			outputPaths = (
			);
			runOnlyForDeploymentPostprocessing = 0;
			shellPath = /bin/sh;
			shellScript = "\"${SRCROOT}/Pods/Target Support Files/Pods-Schedule/Pods-Schedule-resources.sh\"\n";
			showEnvVarsInLog = 0;
		};
		55065098F10F631404697577 /* [CP] Embed Pods Frameworks */ = {
			isa = PBXShellScriptBuildPhase;
			buildActionMask = 2147483647;
			files = (
			);
			inputPaths = (
			);
			name = "[CP] Embed Pods Frameworks";
			outputPaths = (
			);
			runOnlyForDeploymentPostprocessing = 0;
			shellPath = /bin/sh;
			shellScript = "\"${SRCROOT}/Pods/Target Support Files/Pods-Schedule/Pods-Schedule-frameworks.sh\"\n";
			showEnvVarsInLog = 0;
		};
		A0673CE43D1F000AD9C5C538 /* [CP] Check Pods Manifest.lock */ = {
			isa = PBXShellScriptBuildPhase;
			buildActionMask = 2147483647;
			files = (
			);
			inputPaths = (
			);
			name = "[CP] Check Pods Manifest.lock";
			outputPaths = (
			);
			runOnlyForDeploymentPostprocessing = 0;
			shellPath = /bin/sh;
			shellScript = "diff \"${PODS_ROOT}/../Podfile.lock\" \"${PODS_ROOT}/Manifest.lock\" > /dev/null\nif [ $? != 0 ] ; then\n    # print error to STDERR\n    echo \"error: The sandbox is not in sync with the Podfile.lock. Run 'pod install' or update your CocoaPods installation.\" >&2\n    exit 1\nfi\n";
			showEnvVarsInLog = 0;
		};
/* End PBXShellScriptBuildPhase section */

/* Begin PBXSourcesBuildPhase section */
		8E651ED71E94ED01000A4440 /* Sources */ = {
			isa = PBXSourcesBuildPhase;
			buildActionMask = 2147483647;
			files = (
				8EE5F4501EA612BC00A9E232 /* AddScheduleController.swift in Sources */,
				8E3657221EC5F60000D10187 /* ScheduleMapper.swift in Sources */,
				8E3123E51EA55B9600B300B6 /* ScheduleTableViewCell.swift in Sources */,
				8EC0931D1EC9C73100C68453 /* MenuPresenter.swift in Sources */,
				8E63548D1EA12248008A30F7 /* SWRevealViewController.m in Sources */,
				8E86C8FB1EAF59F10057FF00 /* Group.swift in Sources */,
				8EC092F61EC9980B00C68453 /* BaseViewController.swift in Sources */,
				8E0FAC111EC5983E00871090 /* Schedule.swift in Sources */,
				8E5C87611EA930CA0062B58F /* GroupTableViewCell.swift in Sources */,
				8E5C875F1EA92DFF0062B58F /* CustomStudentCell.swift in Sources */,
				8E332C1C1EB0EE410085ADAB /* Visitor.swift in Sources */,
				8EC093301EC9E69C00C68453 /* DecideAttendance .swift in Sources */,
				8E651EFA1E95001F000A4440 /* SwiftVKDelegate.swift in Sources */,
				8E0FAC091EC593C300871090 /* LoadSchedule.swift in Sources */,
				8E0FAC2D1EC5A1EC00871090 /* BasePresentProtocol.swift in Sources */,
				8EC0933C1ECA0A8200C68453 /* VisitViewModel.swift in Sources */,
				8EC093011EC9B43800C68453 /* UserRepository.swift in Sources */,
				8E0FAC301EC5A21A00871090 /* SchedulePresenter.swift in Sources */,
				8EC092F81EC99B0600C68453 /* BaseView.swift in Sources */,
				8EC093181EC9C0BF00C68453 /* AuthenticationView.swift in Sources */,
				8EC093031EC9B5FE00C68453 /* UserDataRepository.swift in Sources */,
				8E0FAC0E1EC5967F00871090 /* LoadScheduleImpl.swift in Sources */,
				8E651EDF1E94ED01000A4440 /* AppDelegate.swift in Sources */,
				8E36571C1EC5D69300D10187 /* ScheduleInteractor.swift in Sources */,
				8E86C9031EAFB3390057FF00 /* Lesson.swift in Sources */,
				8E86C8FD1EAF6AFD0057FF00 /* ScheduleGroup.swift in Sources */,
				8EC092F21EC98C9500C68453 /* ScheduleView.swift in Sources */,
				8E651F001E9529CF000A4440 /* Animation.swift in Sources */,
				8E0FAC1C1EC59E0000871090 /* ScheduleDataRepository.swift in Sources */,
				8E6354881EA11D27008A30F7 /* ScheduleController.swift in Sources */,
				8E36571E1EC5EAE700D10187 /* TransformJson.swift in Sources */,
				8EC0932D1EC9DDF700C68453 /* VisitLessonInteractor.swift in Sources */,
				8E5C875D1EA92DAD0062B58F /* VisitStudentController.swift in Sources */,
				8EC093231EC9D97400C68453 /* VisitLessonRepository.swift in Sources */,
				8EC093361ECA00B500C68453 /* VisitPresenter.swift in Sources */,
				8E651EFE1E952329000A4440 /* AuthenticationViewController.swift in Sources */,
				8EC093251EC9D9D300C68453 /* VisitLessonDataRepository.swift in Sources */,
				8EC0933A1ECA0A7200C68453 /* VisitMapper.swift in Sources */,
				8E86C8F91EAF4AF30057FF00 /* LoadDataForUniversityGroup.swift in Sources */,
				8EC093281EC9DA4D00C68453 /* LoadVisitLesson.swift in Sources */,
				8E3657241EC5F61300D10187 /* ScheduleViewModel.swift in Sources */,
				8EC0932A1EC9DA8000C68453 /* LoadVisitLessonImg.swift in Sources */,
				8EC093121EC9BFA200C68453 /* AuthenticationPresenter.swift in Sources */,
				8EC093081EC9B76800C68453 /* LoadUser.swift in Sources */,
				8E332C1E1EB0FD3A0085ADAB /* DecideVisitLesson.swift in Sources */,
				8EC0930D1EC9BCDC00C68453 /* UserInteractor.swift in Sources */,
				8E86C8FF1EAF88A40057FF00 /* GroupTableController.swift in Sources */,
				8E0FAC201EC59F1800871090 /* ScheduleRepository.swift in Sources */,
				8EC093201EC9C81100C68453 /* MenuView.swift in Sources */,
				8EC092FA1EC9A82600C68453 /* BasePresenter.swift in Sources */,
				8E24CC991EA13CA00081676E /* MenuViewController.swift in Sources */,
				8EC092F41EC992E400C68453 /* BaseViewProtocol.swift in Sources */,
				8EC093061EC9B75A00C68453 /* LoadUserImpl.swift in Sources */,
			);
			runOnlyForDeploymentPostprocessing = 0;
		};
/* End PBXSourcesBuildPhase section */

/* Begin PBXVariantGroup section */
		8E651EE21E94ED01000A4440 /* Main.storyboard */ = {
			isa = PBXVariantGroup;
			children = (
				8E651EE31E94ED01000A4440 /* Base */,
			);
			name = Main.storyboard;
			sourceTree = "<group>";
		};
		8E651EE71E94ED01000A4440 /* LaunchScreen.storyboard */ = {
			isa = PBXVariantGroup;
			children = (
				8E651EE81E94ED01000A4440 /* Base */,
			);
			name = LaunchScreen.storyboard;
			sourceTree = "<group>";
		};
/* End PBXVariantGroup section */

/* Begin XCBuildConfiguration section */
		8E651EEB1E94ED01000A4440 /* Debug */ = {
			isa = XCBuildConfiguration;
			buildSettings = {
				ALWAYS_SEARCH_USER_PATHS = NO;
				CLANG_ANALYZER_NONNULL = YES;
				CLANG_ANALYZER_NUMBER_OBJECT_CONVERSION = YES_AGGRESSIVE;
				CLANG_CXX_LANGUAGE_STANDARD = "gnu++0x";
				CLANG_CXX_LIBRARY = "libc++";
				CLANG_ENABLE_MODULES = YES;
				CLANG_ENABLE_OBJC_ARC = YES;
				CLANG_WARN_BOOL_CONVERSION = YES;
				CLANG_WARN_CONSTANT_CONVERSION = YES;
				CLANG_WARN_DIRECT_OBJC_ISA_USAGE = YES_ERROR;
				CLANG_WARN_DOCUMENTATION_COMMENTS = YES;
				CLANG_WARN_EMPTY_BODY = YES;
				CLANG_WARN_ENUM_CONVERSION = YES;
				CLANG_WARN_INFINITE_RECURSION = YES;
				CLANG_WARN_INT_CONVERSION = YES;
				CLANG_WARN_OBJC_ROOT_CLASS = YES_ERROR;
				CLANG_WARN_SUSPICIOUS_MOVE = YES;
				CLANG_WARN_UNREACHABLE_CODE = YES;
				CLANG_WARN__DUPLICATE_METHOD_MATCH = YES;
				"CODE_SIGN_IDENTITY[sdk=iphoneos*]" = "iPhone Developer";
				COPY_PHASE_STRIP = NO;
				DEBUG_INFORMATION_FORMAT = dwarf;
				ENABLE_STRICT_OBJC_MSGSEND = YES;
				ENABLE_TESTABILITY = YES;
				GCC_C_LANGUAGE_STANDARD = gnu99;
				GCC_DYNAMIC_NO_PIC = NO;
				GCC_NO_COMMON_BLOCKS = YES;
				GCC_OPTIMIZATION_LEVEL = 0;
				GCC_PREPROCESSOR_DEFINITIONS = (
					"DEBUG=1",
					"$(inherited)",
				);
				GCC_WARN_64_TO_32_BIT_CONVERSION = YES;
				GCC_WARN_ABOUT_RETURN_TYPE = YES_ERROR;
				GCC_WARN_UNDECLARED_SELECTOR = YES;
				GCC_WARN_UNINITIALIZED_AUTOS = YES_AGGRESSIVE;
				GCC_WARN_UNUSED_FUNCTION = YES;
				GCC_WARN_UNUSED_VARIABLE = YES;
				IPHONEOS_DEPLOYMENT_TARGET = 10.3;
				MTL_ENABLE_DEBUG_INFO = YES;
				ONLY_ACTIVE_ARCH = YES;
				SDKROOT = iphoneos;
				SWIFT_ACTIVE_COMPILATION_CONDITIONS = DEBUG;
				SWIFT_OPTIMIZATION_LEVEL = "-Onone";
			};
			name = Debug;
		};
		8E651EEC1E94ED01000A4440 /* Release */ = {
			isa = XCBuildConfiguration;
			buildSettings = {
				ALWAYS_SEARCH_USER_PATHS = NO;
				CLANG_ANALYZER_NONNULL = YES;
				CLANG_ANALYZER_NUMBER_OBJECT_CONVERSION = YES_AGGRESSIVE;
				CLANG_CXX_LANGUAGE_STANDARD = "gnu++0x";
				CLANG_CXX_LIBRARY = "libc++";
				CLANG_ENABLE_MODULES = YES;
				CLANG_ENABLE_OBJC_ARC = YES;
				CLANG_WARN_BOOL_CONVERSION = YES;
				CLANG_WARN_CONSTANT_CONVERSION = YES;
				CLANG_WARN_DIRECT_OBJC_ISA_USAGE = YES_ERROR;
				CLANG_WARN_DOCUMENTATION_COMMENTS = YES;
				CLANG_WARN_EMPTY_BODY = YES;
				CLANG_WARN_ENUM_CONVERSION = YES;
				CLANG_WARN_INFINITE_RECURSION = YES;
				CLANG_WARN_INT_CONVERSION = YES;
				CLANG_WARN_OBJC_ROOT_CLASS = YES_ERROR;
				CLANG_WARN_SUSPICIOUS_MOVE = YES;
				CLANG_WARN_UNREACHABLE_CODE = YES;
				CLANG_WARN__DUPLICATE_METHOD_MATCH = YES;
				"CODE_SIGN_IDENTITY[sdk=iphoneos*]" = "iPhone Developer";
				COPY_PHASE_STRIP = NO;
				DEBUG_INFORMATION_FORMAT = "dwarf-with-dsym";
				ENABLE_NS_ASSERTIONS = NO;
				ENABLE_STRICT_OBJC_MSGSEND = YES;
				GCC_C_LANGUAGE_STANDARD = gnu99;
				GCC_NO_COMMON_BLOCKS = YES;
				GCC_WARN_64_TO_32_BIT_CONVERSION = YES;
				GCC_WARN_ABOUT_RETURN_TYPE = YES_ERROR;
				GCC_WARN_UNDECLARED_SELECTOR = YES;
				GCC_WARN_UNINITIALIZED_AUTOS = YES_AGGRESSIVE;
				GCC_WARN_UNUSED_FUNCTION = YES;
				GCC_WARN_UNUSED_VARIABLE = YES;
				IPHONEOS_DEPLOYMENT_TARGET = 10.3;
				MTL_ENABLE_DEBUG_INFO = NO;
				SDKROOT = iphoneos;
				SWIFT_OPTIMIZATION_LEVEL = "-Owholemodule";
				VALIDATE_PRODUCT = YES;
			};
			name = Release;
		};
		8E651EEE1E94ED01000A4440 /* Debug */ = {
			isa = XCBuildConfiguration;
			baseConfigurationReference = 8E66114C0AB22C69F095E085 /* Pods-Schedule.debug.xcconfig */;
			buildSettings = {
				ASSETCATALOG_COMPILER_APPICON_NAME = AppIcon;
				CLANG_ENABLE_MODULES = YES;
				DEVELOPMENT_TEAM = 3XCF2GH957;
				INFOPLIST_FILE = Schedule/Info.plist;
				LD_RUNPATH_SEARCH_PATHS = "$(inherited) @executable_path/Frameworks";
				PRODUCT_BUNDLE_IDENTIFIER = n.Schedule;
				PRODUCT_NAME = "$(TARGET_NAME)";
				SWIFT_OBJC_BRIDGING_HEADER = "Schedule-Bridging-Header.h";
				SWIFT_OPTIMIZATION_LEVEL = "-Onone";
				SWIFT_VERSION = 3.0;
			};
			name = Debug;
		};
		8E651EEF1E94ED01000A4440 /* Release */ = {
			isa = XCBuildConfiguration;
			baseConfigurationReference = 72CEFB3FD80D81F7AFF2F3D1 /* Pods-Schedule.release.xcconfig */;
			buildSettings = {
				ASSETCATALOG_COMPILER_APPICON_NAME = AppIcon;
				CLANG_ENABLE_MODULES = YES;
				DEVELOPMENT_TEAM = 3XCF2GH957;
				INFOPLIST_FILE = Schedule/Info.plist;
				LD_RUNPATH_SEARCH_PATHS = "$(inherited) @executable_path/Frameworks";
				PRODUCT_BUNDLE_IDENTIFIER = n.Schedule;
				PRODUCT_NAME = "$(TARGET_NAME)";
				SWIFT_OBJC_BRIDGING_HEADER = "Schedule-Bridging-Header.h";
				SWIFT_VERSION = 3.0;
			};
			name = Release;
		};
/* End XCBuildConfiguration section */

/* Begin XCConfigurationList section */
		8E651ED61E94ED01000A4440 /* Build configuration list for PBXProject "Schedule" */ = {
			isa = XCConfigurationList;
			buildConfigurations = (
				8E651EEB1E94ED01000A4440 /* Debug */,
				8E651EEC1E94ED01000A4440 /* Release */,
			);
			defaultConfigurationIsVisible = 0;
			defaultConfigurationName = Release;
		};
		8E651EED1E94ED01000A4440 /* Build configuration list for PBXNativeTarget "Schedule" */ = {
			isa = XCConfigurationList;
			buildConfigurations = (
				8E651EEE1E94ED01000A4440 /* Debug */,
				8E651EEF1E94ED01000A4440 /* Release */,
			);
			defaultConfigurationIsVisible = 0;
			defaultConfigurationName = Release;
		};
/* End XCConfigurationList section */
	};
	rootObject = 8E651ED31E94ED01000A4440 /* Project object */;
}
